
Microsoft Visual Studio Solution File, Format Version 12.00
# Visual Studio Version 16
VisualStudioVersion = 16.0.31025.194
MinimumVisualStudioVersion = 10.0.40219.1
Project("{FAE04EC0-301F-11D3-BF4B-00C04F79EFBC}") = "Condicionais", "Condicionais\Condicionais.csproj", "{0F696979-16ED-441F-9E0A-D4A96945B85A}"
EndProject
Global
	GlobalSection(SolutionConfigurationPlatforms) = preSolution
		Debug|Any CPU = Debug|Any CPU
		Release|Any CPU = Release|Any CPU
	EndGlobalSection
	GlobalSection(ProjectConfigurationPlatforms) = postSolution
		{0F696979-16ED-441F-9E0A-D4A96945B85A}.Debug|Any CPU.ActiveCfg = Debug|Any CPU
		{0F696979-16ED-441F-9E0A-D4A96945B85A}.Debug|Any CPU.Build.0 = Debug|Any CPU
		{0F696979-16ED-441F-9E0A-D4A96945B85A}.Release|Any CPU.ActiveCfg = Release|Any CPU
		{0F696979-16ED-441F-9E0A-D4A96945B85A}.Release|Any CPU.Build.0 = Release|Any CPU
	EndGlobalSection
	GlobalSection(SolutionProperties) = preSolution
		HideSolutionNode = FALSE
	EndGlobalSection
	GlobalSection(ExtensibilityGlobals) = postSolution
		SolutionGuid = {59697C48-42D5-4666-99AB-BB32AE227041}
	EndGlobalSection
EndGlobal
