
Microsoft Visual Studio Solution File, Format Version 12.00
# Visual Studio Version 16
VisualStudioVersion = 16.0.31112.23
MinimumVisualStudioVersion = 10.0.40219.1
Project("{FAE04EC0-301F-11D3-BF4B-00C04F79EFBC}") = "Foreach", "Foreach\Foreach.csproj", "{166ED105-2307-45B8-9FF3-8D3B7635DCF4}"
EndProject
Global
	GlobalSection(SolutionConfigurationPlatforms) = preSolution
		Debug|Any CPU = Debug|Any CPU
		Release|Any CPU = Release|Any CPU
	EndGlobalSection
	GlobalSection(ProjectConfigurationPlatforms) = postSolution
		{166ED105-2307-45B8-9FF3-8D3B7635DCF4}.Debug|Any CPU.ActiveCfg = Debug|Any CPU
		{166ED105-2307-45B8-9FF3-8D3B7635DCF4}.Debug|Any CPU.Build.0 = Debug|Any CPU
		{166ED105-2307-45B8-9FF3-8D3B7635DCF4}.Release|Any CPU.ActiveCfg = Release|Any CPU
		{166ED105-2307-45B8-9FF3-8D3B7635DCF4}.Release|Any CPU.Build.0 = Release|Any CPU
	EndGlobalSection
	GlobalSection(SolutionProperties) = preSolution
		HideSolutionNode = FALSE
	EndGlobalSection
	GlobalSection(ExtensibilityGlobals) = postSolution
		SolutionGuid = {6ABEB1DC-56A6-4C6B-8793-1D7699354920}
	EndGlobalSection
EndGlobal
