
Microsoft Visual Studio Solution File, Format Version 12.00
# Visual Studio Version 16
VisualStudioVersion = 16.0.31112.23
MinimumVisualStudioVersion = 10.0.40219.1
Project("{FAE04EC0-301F-11D3-BF4B-00C04F79EFBC}") = "Enum", "Enum\Enum.csproj", "{90BB53A5-D6A6-48DA-99AD-12817CBD7892}"
EndProject
Global
	GlobalSection(SolutionConfigurationPlatforms) = preSolution
		Debug|Any CPU = Debug|Any CPU
		Release|Any CPU = Release|Any CPU
	EndGlobalSection
	GlobalSection(ProjectConfigurationPlatforms) = postSolution
		{90BB53A5-D6A6-48DA-99AD-12817CBD7892}.Debug|Any CPU.ActiveCfg = Debug|Any CPU
		{90BB53A5-D6A6-48DA-99AD-12817CBD7892}.Debug|Any CPU.Build.0 = Debug|Any CPU
		{90BB53A5-D6A6-48DA-99AD-12817CBD7892}.Release|Any CPU.ActiveCfg = Release|Any CPU
		{90BB53A5-D6A6-48DA-99AD-12817CBD7892}.Release|Any CPU.Build.0 = Release|Any CPU
	EndGlobalSection
	GlobalSection(SolutionProperties) = preSolution
		HideSolutionNode = FALSE
	EndGlobalSection
	GlobalSection(ExtensibilityGlobals) = postSolution
		SolutionGuid = {6A197DFF-F437-4DFB-BB7C-CC1AEA5D8C74}
	EndGlobalSection
EndGlobal
